
Microsoft Visual Studio Solution File, Format Version 12.00
# Visual Studio 15
VisualStudioVersion = 15.0.28307.1209
MinimumVisualStudioVersion = 10.0.40219.1
Project("{FAE04EC0-301F-11D3-BF4B-00C04F79EFBC}") = "TenisRanking", "TenisRanking\TenisRanking.csproj", "{813B2562-6608-4DF7-A5F7-4F89A9119E2D}"
EndProject
Global
	GlobalSection(SolutionConfigurationPlatforms) = preSolution
		Debug|Any CPU = Debug|Any CPU
		Release|Any CPU = Release|Any CPU
	EndGlobalSection
	GlobalSection(ProjectConfigurationPlatforms) = postSolution
		{813B2562-6608-4DF7-A5F7-4F89A9119E2D}.Debug|Any CPU.ActiveCfg = Debug|Any CPU
		{813B2562-6608-4DF7-A5F7-4F89A9119E2D}.Debug|Any CPU.Build.0 = Debug|Any CPU
		{813B2562-6608-4DF7-A5F7-4F89A9119E2D}.Release|Any CPU.ActiveCfg = Release|Any CPU
		{813B2562-6608-4DF7-A5F7-4F89A9119E2D}.Release|Any CPU.Build.0 = Release|Any CPU
	EndGlobalSection
	GlobalSection(SolutionProperties) = preSolution
		HideSolutionNode = FALSE
	EndGlobalSection
	GlobalSection(ExtensibilityGlobals) = postSolution
		SolutionGuid = {36389D2B-4918-4773-8471-A9713C6F9053}
	EndGlobalSection
EndGlobal
